
Microsoft Visual Studio Solution File, Format Version 12.00
# Visual Studio Version 17
VisualStudioVersion = 17.3.32825.248
MinimumVisualStudioVersion = 10.0.40219.1
Project("{FAE04EC0-301F-11D3-BF4B-00C04F79EFBC}") = "nTrehou_Calculatorv2", "nTrehou_Calculatorv2.csproj", "{76D7B45B-0755-4212-9824-81535B48D4A9}"
EndProject
Global
	GlobalSection(SolutionConfigurationPlatforms) = preSolution
		Debug|Any CPU = Debug|Any CPU
		Release|Any CPU = Release|Any CPU
	EndGlobalSection
	GlobalSection(ProjectConfigurationPlatforms) = postSolution
		{76D7B45B-0755-4212-9824-81535B48D4A9}.Debug|Any CPU.ActiveCfg = Debug|Any CPU
		{76D7B45B-0755-4212-9824-81535B48D4A9}.Debug|Any CPU.Build.0 = Debug|Any CPU
		{76D7B45B-0755-4212-9824-81535B48D4A9}.Release|Any CPU.ActiveCfg = Release|Any CPU
		{76D7B45B-0755-4212-9824-81535B48D4A9}.Release|Any CPU.Build.0 = Release|Any CPU
	EndGlobalSection
	GlobalSection(SolutionProperties) = preSolution
		HideSolutionNode = FALSE
	EndGlobalSection
	GlobalSection(ExtensibilityGlobals) = postSolution
		SolutionGuid = {428AC8ED-90D6-458A-A631-810274A2E4D6}
	EndGlobalSection
EndGlobal
